// !$*UTF8*$!
{
	archiveVersion = 1;
	classes = {
	};
	objectVersion = 50;
	objects = {

/* Begin PBXBuildFile section */
		CCC46E9F25C1D1E600E1E93B /* AppDelegate.m in Sources */ = {isa = PBXBuildFile; fileRef = CCC46E9E25C1D1E600E1E93B /* AppDelegate.m */; };
		CCC46EA225C1D1E600E1E93B /* SceneDelegate.m in Sources */ = {isa = PBXBuildFile; fileRef = CCC46EA125C1D1E600E1E93B /* SceneDelegate.m */; };
		CCC46EA525C1D1E600E1E93B /* ViewController.m in Sources */ = {isa = PBXBuildFile; fileRef = CCC46EA425C1D1E600E1E93B /* ViewController.m */; };
		CCC46EA825C1D1E600E1E93B /* Main.storyboard in Resources */ = {isa = PBXBuildFile; fileRef = CCC46EA625C1D1E600E1E93B /* Main.storyboard */; };
		CCC46EAA25C1D1E700E1E93B /* Assets.xcassets in Resources */ = {isa = PBXBuildFile; fileRef = CCC46EA925C1D1E700E1E93B /* Assets.xcassets */; };
		CCC46EAD25C1D1E700E1E93B /* LaunchScreen.storyboard in Resources */ = {isa = PBXBuildFile; fileRef = CCC46EAB25C1D1E700E1E93B /* LaunchScreen.storyboard */; };
		CCC46EB025C1D1E700E1E93B /* main.m in Sources */ = {isa = PBXBuildFile; fileRef = CCC46EAF25C1D1E700E1E93B /* main.m */; };
/* End PBXBuildFile section */

/* Begin PBXFileReference section */
		CCC46E9A25C1D1E600E1E93B /* Keychain.app */ = {isa = PBXFileReference; explicitFileType = wrapper.application; includeInIndex = 0; path = Keychain.app; sourceTree = BUILT_PRODUCTS_DIR; };
		CCC46E9D25C1D1E600E1E93B /* AppDelegate.h */ = {isa = PBXFileReference; lastKnownFileType = sourcecode.c.h; path = AppDelegate.h; sourceTree = "<group>"; };
		CCC46E9E25C1D1E600E1E93B /* AppDelegate.m */ = {isa = PBXFileReference; lastKnownFileType = sourcecode.c.objc; path = AppDelegate.m; sourceTree = "<group>"; };
		CCC46EA025C1D1E600E1E93B /* SceneDelegate.h */ = {isa = PBXFileReference; lastKnownFileType = sourcecode.c.h; path = SceneDelegate.h; sourceTree = "<group>"; };
		CCC46EA125C1D1E600E1E93B /* SceneDelegate.m */ = {isa = PBXFileReference; lastKnownFileType = sourcecode.c.objc; path = SceneDelegate.m; sourceTree = "<group>"; };
		CCC46EA325C1D1E600E1E93B /* ViewController.h */ = {isa = PBXFileReference; lastKnownFileType = sourcecode.c.h; path = ViewController.h; sourceTree = "<group>"; };
		CCC46EA425C1D1E600E1E93B /* ViewController.m */ = {isa = PBXFileReference; lastKnownFileType = sourcecode.c.objc; path = ViewController.m; sourceTree = "<group>"; };
		CCC46EA725C1D1E600E1E93B /* Base */ = {isa = PBXFileReference; lastKnownFileType = file.storyboard; name = Base; path = Base.lproj/Main.storyboard; sourceTree = "<group>"; };
		CCC46EA925C1D1E700E1E93B /* Assets.xcassets */ = {isa = PBXFileReference; lastKnownFileType = folder.assetcatalog; path = Assets.xcassets; sourceTree = "<group>"; };
		CCC46EAC25C1D1E700E1E93B /* Base */ = {isa = PBXFileReference; lastKnownFileType = file.storyboard; name = Base; path = Base.lproj/LaunchScreen.storyboard; sourceTree = "<group>"; };
		CCC46EAE25C1D1E700E1E93B /* Info.plist */ = {isa = PBXFileReference; lastKnownFileType = text.plist.xml; path = Info.plist; sourceTree = "<group>"; };
		CCC46EAF25C1D1E700E1E93B /* main.m */ = {isa = PBXFileReference; lastKnownFileType = sourcecode.c.objc; path = main.m; sourceTree = "<group>"; };
/* End PBXFileReference section */

/* Begin PBXFrameworksBuildPhase section */
		CCC46E9725C1D1E600E1E93B /* Frameworks */ = {
			isa = PBXFrameworksBuildPhase;
			buildActionMask = 2147483647;
			files = (
			);
			runOnlyForDeploymentPostprocessing = 0;
		};
/* End PBXFrameworksBuildPhase section */

/* Begin PBXGroup section */
		CCC46E9125C1D1E600E1E93B = {
			isa = PBXGroup;
			children = (
				CCC46E9C25C1D1E600E1E93B /* Keychain */,
				CCC46E9B25C1D1E600E1E93B /* Products */,
			);
			sourceTree = "<group>";
		};
		CCC46E9B25C1D1E600E1E93B /* Products */ = {
			isa = PBXGroup;
			children = (
				CCC46E9A25C1D1E600E1E93B /* Keychain.app */,
			);
			name = Products;
			sourceTree = "<group>";
		};
		CCC46E9C25C1D1E600E1E93B /* Keychain */ = {
			isa = PBXGroup;
			children = (
				CCC46E9D25C1D1E600E1E93B /* AppDelegate.h */,
				CCC46E9E25C1D1E600E1E93B /* AppDelegate.m */,
				CCC46EA025C1D1E600E1E93B /* SceneDelegate.h */,
				CCC46EA125C1D1E600E1E93B /* SceneDelegate.m */,
				CCC46EA325C1D1E600E1E93B /* ViewController.h */,
				CCC46EA425C1D1E600E1E93B /* ViewController.m */,
				CCC46EA625C1D1E600E1E93B /* Main.storyboard */,
				CCC46EA925C1D1E700E1E93B /* Assets.xcassets */,
				CCC46EAB25C1D1E700E1E93B /* LaunchScreen.storyboard */,
				CCC46EAE25C1D1E700E1E93B /* Info.plist */,
				CCC46EAF25C1D1E700E1E93B /* main.m */,
			);
			path = Keychain;
			sourceTree = "<group>";
		};
/* End PBXGroup section */

/* Begin PBXNativeTarget section */
		CCC46E9925C1D1E600E1E93B /* Keychain */ = {
			isa = PBXNativeTarget;
			buildConfigurationList = CCC46EB325C1D1E700E1E93B /* Build configuration list for PBXNativeTarget "Keychain" */;
			buildPhases = (
				CCC46E9625C1D1E600E1E93B /* Sources */,
				CCC46E9725C1D1E600E1E93B /* Frameworks */,
				CCC46E9825C1D1E600E1E93B /* Resources */,
			);
			buildRules = (
			);
			dependencies = (
			);
			name = Keychain;
			productName = Keychain;
			productReference = CCC46E9A25C1D1E600E1E93B /* Keychain.app */;
			productType = "com.apple.product-type.application";
		};
/* End PBXNativeTarget section */

/* Begin PBXProject section */
		CCC46E9225C1D1E600E1E93B /* Project object */ = {
			isa = PBXProject;
			attributes = {
				LastUpgradeCheck = 1220;
				TargetAttributes = {
					CCC46E9925C1D1E600E1E93B = {
						CreatedOnToolsVersion = 12.2;
					};
				};
			};
			buildConfigurationList = CCC46E9525C1D1E600E1E93B /* Build configuration list for PBXProject "Keychain" */;
			compatibilityVersion = "Xcode 9.3";
			developmentRegion = en;
			hasScannedForEncodings = 0;
			knownRegions = (
				en,
				Base,
			);
			mainGroup = CCC46E9125C1D1E600E1E93B;
			productRefGroup = CCC46E9B25C1D1E600E1E93B /* Products */;
			projectDirPath = "";
			projectRoot = "";
			targets = (
				CCC46E9925C1D1E600E1E93B /* Keychain */,
			);
		};
/* End PBXProject section */

/* Begin PBXResourcesBuildPhase section */
		CCC46E9825C1D1E600E1E93B /* Resources */ = {
			isa = PBXResourcesBuildPhase;
			buildActionMask = 2147483647;
			files = (
				CCC46EAD25C1D1E700E1E93B /* LaunchScreen.storyboard in Resources */,
				CCC46EAA25C1D1E700E1E93B /* Assets.xcassets in Resources */,
				CCC46EA825C1D1E600E1E93B /* Main.storyboard in Resources */,
			);
			runOnlyForDeploymentPostprocessing = 0;
		};
/* End PBXResourcesBuildPhase section */

/* Begin PBXSourcesBuildPhase section */
		CCC46E9625C1D1E600E1E93B /* Sources */ = {
			isa = PBXSourcesBuildPhase;
			buildActionMask = 2147483647;
			files = (
				CCC46EA525C1D1E600E1E93B /* ViewController.m in Sources */,
				CCC46E9F25C1D1E600E1E93B /* AppDelegate.m in Sources */,
				CCC46EB025C1D1E700E1E93B /* main.m in Sources */,
				CCC46EA225C1D1E600E1E93B /* SceneDelegate.m in Sources */,
			);
			runOnlyForDeploymentPostprocessing = 0;
		};
/* End PBXSourcesBuildPhase section */

/* Begin PBXVariantGroup section */
		CCC46EA625C1D1E600E1E93B /* Main.storyboard */ = {
			isa = PBXVariantGroup;
			children = (
				CCC46EA725C1D1E600E1E93B /* Base */,
			);
			name = Main.storyboard;
			sourceTree = "<group>";
		};
		CCC46EAB25C1D1E700E1E93B /* LaunchScreen.storyboard */ = {
			isa = PBXVariantGroup;
			children = (
				CCC46EAC25C1D1E700E1E93B /* Base */,
			);
			name = LaunchScreen.storyboard;
			sourceTree = "<group>";
		};
/* End PBXVariantGroup section */

/* Begin XCBuildConfiguration section */
		CCC46EB125C1D1E700E1E93B /* Debug */ = {
			isa = XCBuildConfiguration;
			buildSettings = {
				ALWAYS_SEARCH_USER_PATHS = NO;
				CLANG_ANALYZER_NONNULL = YES;
				CLANG_ANALYZER_NUMBER_OBJECT_CONVERSION = YES_AGGRESSIVE;
				CLANG_CXX_LANGUAGE_STANDARD = "gnu++14";
				CLANG_CXX_LIBRARY = "libc++";
				CLANG_ENABLE_MODULES = YES;
				CLANG_ENABLE_OBJC_ARC = YES;
				CLANG_ENABLE_OBJC_WEAK = YES;
				CLANG_WARN_BLOCK_CAPTURE_AUTORELEASING = YES;
				CLANG_WARN_BOOL_CONVERSION = YES;
				CLANG_WARN_COMMA = YES;
				CLANG_WARN_CONSTANT_CONVERSION = YES;
				CLANG_WARN_DEPRECATED_OBJC_IMPLEMENTATIONS = YES;
				CLANG_WARN_DIRECT_OBJC_ISA_USAGE = YES_ERROR;
				CLANG_WARN_DOCUMENTATION_COMMENTS = YES;
				CLANG_WARN_EMPTY_BODY = YES;
				CLANG_WARN_ENUM_CONVERSION = YES;
				CLANG_WARN_INFINITE_RECURSION = YES;
				CLANG_WARN_INT_CONVERSION = YES;
				CLANG_WARN_NON_LITERAL_NULL_CONVERSION = YES;
				CLANG_WARN_OBJC_IMPLICIT_RETAIN_SELF = YES;
				CLANG_WARN_OBJC_LITERAL_CONVERSION = YES;
				CLANG_WARN_OBJC_ROOT_CLASS = YES_ERROR;
				CLANG_WARN_QUOTED_INCLUDE_IN_FRAMEWORK_HEADER = YES;
				CLANG_WARN_RANGE_LOOP_ANALYSIS = YES;
				CLANG_WARN_STRICT_PROTOTYPES = YES;
				CLANG_WARN_SUSPICIOUS_MOVE = YES;
				CLANG_WARN_UNGUARDED_AVAILABILITY = YES_AGGRESSIVE;
				CLANG_WARN_UNREACHABLE_CODE = YES;
				CLANG_WARN__DUPLICATE_METHOD_MATCH = YES;
				COPY_PHASE_STRIP = NO;
				DEBUG_INFORMATION_FORMAT = dwarf;
				ENABLE_STRICT_OBJC_MSGSEND = YES;
				ENABLE_TESTABILITY = YES;
				GCC_C_LANGUAGE_STANDARD = gnu11;
				GCC_DYNAMIC_NO_PIC = NO;
				GCC_NO_COMMON_BLOCKS = YES;
				GCC_OPTIMIZATION_LEVEL = 0;
				GCC_PREPROCESSOR_DEFINITIONS = (
					"DEBUG=1",
					"$(inherited)",
				);
				GCC_WARN_64_TO_32_BIT_CONVERSION = YES;
				GCC_WARN_ABOUT_RETURN_TYPE = YES_ERROR;
				GCC_WARN_UNDECLARED_SELECTOR = YES;
				GCC_WARN_UNINITIALIZED_AUTOS = YES_AGGRESSIVE;
				GCC_WARN_UNUSED_FUNCTION = YES;
				GCC_WARN_UNUSED_VARIABLE = YES;
				IPHONEOS_DEPLOYMENT_TARGET = 14.2;
				MTL_ENABLE_DEBUG_INFO = INCLUDE_SOURCE;
				MTL_FAST_MATH = YES;
				ONLY_ACTIVE_ARCH = YES;
				SDKROOT = iphoneos;
			};
			name = Debug;
		};
		CCC46EB225C1D1E700E1E93B /* Release */ = {
			isa = XCBuildConfiguration;
			buildSettings = {
				ALWAYS_SEARCH_USER_PATHS = NO;
				CLANG_ANALYZER_NONNULL = YES;
				CLANG_ANALYZER_NUMBER_OBJECT_CONVERSION = YES_AGGRESSIVE;
				CLANG_CXX_LANGUAGE_STANDARD = "gnu++14";
				CLANG_CXX_LIBRARY = "libc++";
				CLANG_ENABLE_MODULES = YES;
				CLANG_ENABLE_OBJC_ARC = YES;
				CLANG_ENABLE_OBJC_WEAK = YES;
				CLANG_WARN_BLOCK_CAPTURE_AUTORELEASING = YES;
				CLANG_WARN_BOOL_CONVERSION = YES;
				CLANG_WARN_COMMA = YES;
				CLANG_WARN_CONSTANT_CONVERSION = YES;
				CLANG_WARN_DEPRECATED_OBJC_IMPLEMENTATIONS = YES;
				CLANG_WARN_DIRECT_OBJC_ISA_USAGE = YES_ERROR;
				CLANG_WARN_DOCUMENTATION_COMMENTS = YES;
				CLANG_WARN_EMPTY_BODY = YES;
				CLANG_WARN_ENUM_CONVERSION = YES;
				CLANG_WARN_INFINITE_RECURSION = YES;
				CLANG_WARN_INT_CONVERSION = YES;
				CLANG_WARN_NON_LITERAL_NULL_CONVERSION = YES;
				CLANG_WARN_OBJC_IMPLICIT_RETAIN_SELF = YES;
				CLANG_WARN_OBJC_LITERAL_CONVERSION = YES;
				CLANG_WARN_OBJC_ROOT_CLASS = YES_ERROR;
				CLANG_WARN_QUOTED_INCLUDE_IN_FRAMEWORK_HEADER = YES;
				CLANG_WARN_RANGE_LOOP_ANALYSIS = YES;
				CLANG_WARN_STRICT_PROTOTYPES = YES;
				CLANG_WARN_SUSPICIOUS_MOVE = YES;
				CLANG_WARN_UNGUARDED_AVAILABILITY = YES_AGGRESSIVE;
				CLANG_WARN_UNREACHABLE_CODE = YES;
				CLANG_WARN__DUPLICATE_METHOD_MATCH = YES;
				COPY_PHASE_STRIP = NO;
				DEBUG_INFORMATION_FORMAT = "dwarf-with-dsym";
				ENABLE_NS_ASSERTIONS = NO;
				ENABLE_STRICT_OBJC_MSGSEND = YES;
				GCC_C_LANGUAGE_STANDARD = gnu11;
				GCC_NO_COMMON_BLOCKS = YES;
				GCC_WARN_64_TO_32_BIT_CONVERSION = YES;
				GCC_WARN_ABOUT_RETURN_TYPE = YES_ERROR;
				GCC_WARN_UNDECLARED_SELECTOR = YES;
				GCC_WARN_UNINITIALIZED_AUTOS = YES_AGGRESSIVE;
				GCC_WARN_UNUSED_FUNCTION = YES;
				GCC_WARN_UNUSED_VARIABLE = YES;
				IPHONEOS_DEPLOYMENT_TARGET = 14.2;
				MTL_ENABLE_DEBUG_INFO = NO;
				MTL_FAST_MATH = YES;
				SDKROOT = iphoneos;
				VALIDATE_PRODUCT = YES;
			};
			name = Release;
		};
		CCC46EB425C1D1E700E1E93B /* Debug */ = {
			isa = XCBuildConfiguration;
			buildSettings = {
				ASSETCATALOG_COMPILER_APPICON_NAME = AppIcon;
				ASSETCATALOG_COMPILER_GLOBAL_ACCENT_COLOR_NAME = AccentColor;
				CODE_SIGN_STYLE = Automatic;
				INFOPLIST_FILE = Keychain/Info.plist;
				LD_RUNPATH_SEARCH_PATHS = (
					"$(inherited)",
					"@executable_path/Frameworks",
				);
				PRODUCT_BUNDLE_IDENTIFIER = com.apple.Keychain;
				PRODUCT_NAME = "$(TARGET_NAME)";
				TARGETED_DEVICE_FAMILY = "1,2";
			};
			name = Debug;
		};
		CCC46EB525C1D1E700E1E93B /* Release */ = {
			isa = XCBuildConfiguration;
			buildSettings = {
				ASSETCATALOG_COMPILER_APPICON_NAME = AppIcon;
				ASSETCATALOG_COMPILER_GLOBAL_ACCENT_COLOR_NAME = AccentColor;
				CODE_SIGN_STYLE = Automatic;
				INFOPLIST_FILE = Keychain/Info.plist;
				LD_RUNPATH_SEARCH_PATHS = (
					"$(inherited)",
					"@executable_path/Frameworks",
				);
				PRODUCT_BUNDLE_IDENTIFIER = com.apple.Keychain;
				PRODUCT_NAME = "$(TARGET_NAME)";
				TARGETED_DEVICE_FAMILY = "1,2";
			};
			name = Release;
		};
/* End XCBuildConfiguration section */

/* Begin XCConfigurationList section */
		CCC46E9525C1D1E600E1E93B /* Build configuration list for PBXProject "Keychain" */ = {
			isa = XCConfigurationList;
			buildConfigurations = (
				CCC46EB125C1D1E700E1E93B /* Debug */,
				CCC46EB225C1D1E700E1E93B /* Release */,
			);
			defaultConfigurationIsVisible = 0;
			defaultConfigurationName = Release;
		};
		CCC46EB325C1D1E700E1E93B /* Build configuration list for PBXNativeTarget "Keychain" */ = {
			isa = XCConfigurationList;
			buildConfigurations = (
				CCC46EB425C1D1E700E1E93B /* Debug */,
				CCC46EB525C1D1E700E1E93B /* Release */,
			);
			defaultConfigurationIsVisible = 0;
			defaultConfigurationName = Release;
		};
/* End XCConfigurationList section */
	};
	rootObject = CCC46E9225C1D1E600E1E93B /* Project object */;
}
